
Microsoft Visual Studio Solution File, Format Version 12.00
# Visual Studio 14
VisualStudioVersion = 14.0.25420.1
MinimumVisualStudioVersion = 10.0.40219.1
Project("{FAE04EC0-301F-11D3-BF4B-00C04F79EFBC}") = "Ex1", "Ex1\Ex1.csproj", "{ABB1EDB6-9CB9-436A-A67C-F5878B6A4FA8}"
	ProjectSection(ProjectDependencies) = postProject
		{D6991A69-AFF4-4E8C-AB11-BB9F0E5E171F} = {D6991A69-AFF4-4E8C-AB11-BB9F0E5E171F}
	EndProjectSection
EndProject
Project("{FAE04EC0-301F-11D3-BF4B-00C04F79EFBC}") = "SearchAlgorithmsLib", "SearchAlgorithmsLib\SearchAlgorithmsLib.csproj", "{D6991A69-AFF4-4E8C-AB11-BB9F0E5E171F}"
EndProject
Project("{FAE04EC0-301F-11D3-BF4B-00C04F79EFBC}") = "Server", "Server\Server.csproj", "{DA97C989-0B06-4179-B069-E4C39D9E5093}"
	ProjectSection(ProjectDependencies) = postProject
		{72EC3B1C-B7CE-4421-AC57-0D476324316A} = {72EC3B1C-B7CE-4421-AC57-0D476324316A}
		{72DB0C47-E558-4B95-AC35-7FA79031C26E} = {72DB0C47-E558-4B95-AC35-7FA79031C26E}
		{3CEC5F59-782D-48AA-9F9F-4DA7DE803D2F} = {3CEC5F59-782D-48AA-9F9F-4DA7DE803D2F}
		{D79D04C6-1349-4648-8CBA-380C5DC36706} = {D79D04C6-1349-4648-8CBA-380C5DC36706}
		{92C10DED-0A2F-4D47-9F43-8EBC26E5793F} = {92C10DED-0A2F-4D47-9F43-8EBC26E5793F}
	EndProjectSection
EndProject
Project("{FAE04EC0-301F-11D3-BF4B-00C04F79EFBC}") = "SearchGames", "SearchGames\SearchGames.csproj", "{72DB0C47-E558-4B95-AC35-7FA79031C26E}"
	ProjectSection(ProjectDependencies) = postProject
		{3CEC5F59-782D-48AA-9F9F-4DA7DE803D2F} = {3CEC5F59-782D-48AA-9F9F-4DA7DE803D2F}
		{D6991A69-AFF4-4E8C-AB11-BB9F0E5E171F} = {D6991A69-AFF4-4E8C-AB11-BB9F0E5E171F}
	EndProjectSection
EndProject
Project("{FAE04EC0-301F-11D3-BF4B-00C04F79EFBC}") = "Models", "Model\Models.csproj", "{D79D04C6-1349-4648-8CBA-380C5DC36706}"
	ProjectSection(ProjectDependencies) = postProject
		{72DB0C47-E558-4B95-AC35-7FA79031C26E} = {72DB0C47-E558-4B95-AC35-7FA79031C26E}
		{3CEC5F59-782D-48AA-9F9F-4DA7DE803D2F} = {3CEC5F59-782D-48AA-9F9F-4DA7DE803D2F}
		{D6991A69-AFF4-4E8C-AB11-BB9F0E5E171F} = {D6991A69-AFF4-4E8C-AB11-BB9F0E5E171F}
	EndProjectSection
EndProject
Project("{2150E333-8FDC-42A3-9474-1A3956D46DE8}") = "Solution Items", "Solution Items", "{DCD8244C-19D9-4028-B213-82DF64E0770B}"
	ProjectSection(SolutionItems) = preProject
		SolutionStructure.dgml = SolutionStructure.dgml
	EndProjectSection
EndProject
Project("{FAE04EC0-301F-11D3-BF4B-00C04F79EFBC}") = "Controllers", "Controller\Controllers.csproj", "{92C10DED-0A2F-4D47-9F43-8EBC26E5793F}"
	ProjectSection(ProjectDependencies) = postProject
		{72DB0C47-E558-4B95-AC35-7FA79031C26E} = {72DB0C47-E558-4B95-AC35-7FA79031C26E}
		{3CEC5F59-782D-48AA-9F9F-4DA7DE803D2F} = {3CEC5F59-782D-48AA-9F9F-4DA7DE803D2F}
		{D6991A69-AFF4-4E8C-AB11-BB9F0E5E171F} = {D6991A69-AFF4-4E8C-AB11-BB9F0E5E171F}
		{D79D04C6-1349-4648-8CBA-380C5DC36706} = {D79D04C6-1349-4648-8CBA-380C5DC36706}
	EndProjectSection
EndProject
Project("{FAE04EC0-301F-11D3-BF4B-00C04F79EFBC}") = "ClientForServer", "ClientForServer\ClientForServer.csproj", "{3CEC5F59-782D-48AA-9F9F-4DA7DE803D2F}"
EndProject
Project("{FAE04EC0-301F-11D3-BF4B-00C04F79EFBC}") = "Views", "View\Views.csproj", "{72EC3B1C-B7CE-4421-AC57-0D476324316A}"
	ProjectSection(ProjectDependencies) = postProject
		{3CEC5F59-782D-48AA-9F9F-4DA7DE803D2F} = {3CEC5F59-782D-48AA-9F9F-4DA7DE803D2F}
		{92C10DED-0A2F-4D47-9F43-8EBC26E5793F} = {92C10DED-0A2F-4D47-9F43-8EBC26E5793F}
	EndProjectSection
EndProject
Project("{FAE04EC0-301F-11D3-BF4B-00C04F79EFBC}") = "Client", "Client\Client.csproj", "{69054927-5C33-465D-954D-6CA5D1DADCA5}"
EndProject
Project("{FAE04EC0-301F-11D3-BF4B-00C04F79EFBC}") = "GUIClient", "GUIClient\GUIClient.csproj", "{400D2291-F3BE-4B36-8525-E4F16D3F97F8}"
EndProject
Project("{FAE04EC0-301F-11D3-BF4B-00C04F79EFBC}") = "WebServer", "WebServer\WebServer.csproj", "{99F5A8F4-5E9D-4A0E-A8B6-ABCBF5195D98}"
EndProject
Project("{FAE04EC0-301F-11D3-BF4B-00C04F79EFBC}") = "WebApp", "WebApp\WebApp.csproj", "{7E80299C-680E-4077-BFCC-FE602B427190}"
EndProject
Global
	GlobalSection(SolutionConfigurationPlatforms) = preSolution
		Debug|Any CPU = Debug|Any CPU
		Release|Any CPU = Release|Any CPU
	EndGlobalSection
	GlobalSection(ProjectConfigurationPlatforms) = postSolution
		{ABB1EDB6-9CB9-436A-A67C-F5878B6A4FA8}.Debug|Any CPU.ActiveCfg = Debug|Any CPU
		{ABB1EDB6-9CB9-436A-A67C-F5878B6A4FA8}.Debug|Any CPU.Build.0 = Debug|Any CPU
		{ABB1EDB6-9CB9-436A-A67C-F5878B6A4FA8}.Release|Any CPU.ActiveCfg = Release|Any CPU
		{ABB1EDB6-9CB9-436A-A67C-F5878B6A4FA8}.Release|Any CPU.Build.0 = Release|Any CPU
		{D6991A69-AFF4-4E8C-AB11-BB9F0E5E171F}.Debug|Any CPU.ActiveCfg = Debug|Any CPU
		{D6991A69-AFF4-4E8C-AB11-BB9F0E5E171F}.Debug|Any CPU.Build.0 = Debug|Any CPU
		{D6991A69-AFF4-4E8C-AB11-BB9F0E5E171F}.Release|Any CPU.ActiveCfg = Release|Any CPU
		{D6991A69-AFF4-4E8C-AB11-BB9F0E5E171F}.Release|Any CPU.Build.0 = Release|Any CPU
		{DA97C989-0B06-4179-B069-E4C39D9E5093}.Debug|Any CPU.ActiveCfg = Debug|Any CPU
		{DA97C989-0B06-4179-B069-E4C39D9E5093}.Debug|Any CPU.Build.0 = Debug|Any CPU
		{DA97C989-0B06-4179-B069-E4C39D9E5093}.Release|Any CPU.ActiveCfg = Release|Any CPU
		{DA97C989-0B06-4179-B069-E4C39D9E5093}.Release|Any CPU.Build.0 = Release|Any CPU
		{72DB0C47-E558-4B95-AC35-7FA79031C26E}.Debug|Any CPU.ActiveCfg = Debug|Any CPU
		{72DB0C47-E558-4B95-AC35-7FA79031C26E}.Debug|Any CPU.Build.0 = Debug|Any CPU
		{72DB0C47-E558-4B95-AC35-7FA79031C26E}.Release|Any CPU.ActiveCfg = Release|Any CPU
		{72DB0C47-E558-4B95-AC35-7FA79031C26E}.Release|Any CPU.Build.0 = Release|Any CPU
		{D79D04C6-1349-4648-8CBA-380C5DC36706}.Debug|Any CPU.ActiveCfg = Debug|Any CPU
		{D79D04C6-1349-4648-8CBA-380C5DC36706}.Debug|Any CPU.Build.0 = Debug|Any CPU
		{D79D04C6-1349-4648-8CBA-380C5DC36706}.Release|Any CPU.ActiveCfg = Release|Any CPU
		{D79D04C6-1349-4648-8CBA-380C5DC36706}.Release|Any CPU.Build.0 = Release|Any CPU
		{92C10DED-0A2F-4D47-9F43-8EBC26E5793F}.Debug|Any CPU.ActiveCfg = Debug|Any CPU
		{92C10DED-0A2F-4D47-9F43-8EBC26E5793F}.Debug|Any CPU.Build.0 = Debug|Any CPU
		{92C10DED-0A2F-4D47-9F43-8EBC26E5793F}.Release|Any CPU.ActiveCfg = Release|Any CPU
		{92C10DED-0A2F-4D47-9F43-8EBC26E5793F}.Release|Any CPU.Build.0 = Release|Any CPU
		{3CEC5F59-782D-48AA-9F9F-4DA7DE803D2F}.Debug|Any CPU.ActiveCfg = Debug|Any CPU
		{3CEC5F59-782D-48AA-9F9F-4DA7DE803D2F}.Debug|Any CPU.Build.0 = Debug|Any CPU
		{3CEC5F59-782D-48AA-9F9F-4DA7DE803D2F}.Release|Any CPU.ActiveCfg = Release|Any CPU
		{3CEC5F59-782D-48AA-9F9F-4DA7DE803D2F}.Release|Any CPU.Build.0 = Release|Any CPU
		{72EC3B1C-B7CE-4421-AC57-0D476324316A}.Debug|Any CPU.ActiveCfg = Debug|Any CPU
		{72EC3B1C-B7CE-4421-AC57-0D476324316A}.Debug|Any CPU.Build.0 = Debug|Any CPU
		{72EC3B1C-B7CE-4421-AC57-0D476324316A}.Release|Any CPU.ActiveCfg = Release|Any CPU
		{72EC3B1C-B7CE-4421-AC57-0D476324316A}.Release|Any CPU.Build.0 = Release|Any CPU
		{69054927-5C33-465D-954D-6CA5D1DADCA5}.Debug|Any CPU.ActiveCfg = Debug|Any CPU
		{69054927-5C33-465D-954D-6CA5D1DADCA5}.Debug|Any CPU.Build.0 = Debug|Any CPU
		{69054927-5C33-465D-954D-6CA5D1DADCA5}.Release|Any CPU.ActiveCfg = Release|Any CPU
		{69054927-5C33-465D-954D-6CA5D1DADCA5}.Release|Any CPU.Build.0 = Release|Any CPU
		{400D2291-F3BE-4B36-8525-E4F16D3F97F8}.Debug|Any CPU.ActiveCfg = Debug|Any CPU
		{400D2291-F3BE-4B36-8525-E4F16D3F97F8}.Debug|Any CPU.Build.0 = Debug|Any CPU
		{400D2291-F3BE-4B36-8525-E4F16D3F97F8}.Release|Any CPU.ActiveCfg = Release|Any CPU
		{400D2291-F3BE-4B36-8525-E4F16D3F97F8}.Release|Any CPU.Build.0 = Release|Any CPU
		{99F5A8F4-5E9D-4A0E-A8B6-ABCBF5195D98}.Debug|Any CPU.ActiveCfg = Debug|Any CPU
		{99F5A8F4-5E9D-4A0E-A8B6-ABCBF5195D98}.Debug|Any CPU.Build.0 = Debug|Any CPU
		{99F5A8F4-5E9D-4A0E-A8B6-ABCBF5195D98}.Release|Any CPU.ActiveCfg = Release|Any CPU
		{99F5A8F4-5E9D-4A0E-A8B6-ABCBF5195D98}.Release|Any CPU.Build.0 = Release|Any CPU
		{7E80299C-680E-4077-BFCC-FE602B427190}.Debug|Any CPU.ActiveCfg = Debug|Any CPU
		{7E80299C-680E-4077-BFCC-FE602B427190}.Debug|Any CPU.Build.0 = Debug|Any CPU
		{7E80299C-680E-4077-BFCC-FE602B427190}.Release|Any CPU.ActiveCfg = Release|Any CPU
		{7E80299C-680E-4077-BFCC-FE602B427190}.Release|Any CPU.Build.0 = Release|Any CPU
	EndGlobalSection
	GlobalSection(SolutionProperties) = preSolution
		HideSolutionNode = FALSE
	EndGlobalSection
EndGlobal
